
Microsoft Visual Studio Solution File, Format Version 12.00
Project("{FAE04EC0-301F-11D3-BF4B-00C04F79EFBC}") = "KPO_KP", "KPO_KP\KPO_KP.csproj", "{BF65BFB4-583A-42F5-A5B2-D0C28C3899BC}"
EndProject
Global
	GlobalSection(SolutionConfigurationPlatforms) = preSolution
		Debug|Any CPU = Debug|Any CPU
		Release|Any CPU = Release|Any CPU
	EndGlobalSection
	GlobalSection(ProjectConfigurationPlatforms) = postSolution
		{BF65BFB4-583A-42F5-A5B2-D0C28C3899BC}.Debug|Any CPU.ActiveCfg = Debug|Any CPU
		{BF65BFB4-583A-42F5-A5B2-D0C28C3899BC}.Debug|Any CPU.Build.0 = Debug|Any CPU
		{BF65BFB4-583A-42F5-A5B2-D0C28C3899BC}.Release|Any CPU.ActiveCfg = Release|Any CPU
		{BF65BFB4-583A-42F5-A5B2-D0C28C3899BC}.Release|Any CPU.Build.0 = Release|Any CPU
	EndGlobalSection
EndGlobal
